
Microsoft Visual Studio Solution File, Format Version 12.00
# Visual Studio Version 17
VisualStudioVersion = 17.0.31903.59
MinimumVisualStudioVersion = 10.0.40219.1
Project("{FAE04EC0-301F-11D3-BF4B-00C04F79EFBC}") = "RentARide.Domain", "RentARide.Domain\RentARide.Domain.csproj", "{CF546D7D-B905-4E2B-9176-2AEA61C6CE5C}"
EndProject
Project("{FAE04EC0-301F-11D3-BF4B-00C04F79EFBC}") = "RentARide.Application", "RentARide.Application\RentARide.Application.csproj", "{D15DC948-6E9C-4AF0-A58A-5C8536745A7A}"
EndProject
Project("{FAE04EC0-301F-11D3-BF4B-00C04F79EFBC}") = "RentARide.Infrastructure", "RentARide.Infrastructure\RentARide.Infrastructure.csproj", "{28200962-2AF0-4523-A1B3-F4DDF49CCBF6}"
EndProject
Project("{FAE04EC0-301F-11D3-BF4B-00C04F79EFBC}") = "RentARide.API", "RentARide.API\RentARide.API.csproj", "{86BD5E02-ADE0-4544-AC08-D603A644B4C5}"
EndProject
Project("{FAE04EC0-301F-11D3-BF4B-00C04F79EFBC}") = "RentARide.Tests", "RentARide.Tests\RentARide.Tests.csproj", "{0EE70518-7D5B-4B14-9533-EBE17A0E2492}"
EndProject
Global
	GlobalSection(SolutionConfigurationPlatforms) = preSolution
		Debug|Any CPU = Debug|Any CPU
		Debug|x64 = Debug|x64
		Debug|x86 = Debug|x86
		Release|Any CPU = Release|Any CPU
		Release|x64 = Release|x64
		Release|x86 = Release|x86
	EndGlobalSection
	GlobalSection(ProjectConfigurationPlatforms) = postSolution
		{CF546D7D-B905-4E2B-9176-2AEA61C6CE5C}.Debug|Any CPU.ActiveCfg = Debug|Any CPU
		{CF546D7D-B905-4E2B-9176-2AEA61C6CE5C}.Debug|Any CPU.Build.0 = Debug|Any CPU
		{CF546D7D-B905-4E2B-9176-2AEA61C6CE5C}.Debug|x64.ActiveCfg = Debug|Any CPU
		{CF546D7D-B905-4E2B-9176-2AEA61C6CE5C}.Debug|x64.Build.0 = Debug|Any CPU
		{CF546D7D-B905-4E2B-9176-2AEA61C6CE5C}.Debug|x86.ActiveCfg = Debug|Any CPU
		{CF546D7D-B905-4E2B-9176-2AEA61C6CE5C}.Debug|x86.Build.0 = Debug|Any CPU
		{CF546D7D-B905-4E2B-9176-2AEA61C6CE5C}.Release|Any CPU.ActiveCfg = Release|Any CPU
		{CF546D7D-B905-4E2B-9176-2AEA61C6CE5C}.Release|Any CPU.Build.0 = Release|Any CPU
		{CF546D7D-B905-4E2B-9176-2AEA61C6CE5C}.Release|x64.ActiveCfg = Release|Any CPU
		{CF546D7D-B905-4E2B-9176-2AEA61C6CE5C}.Release|x64.Build.0 = Release|Any CPU
		{CF546D7D-B905-4E2B-9176-2AEA61C6CE5C}.Release|x86.ActiveCfg = Release|Any CPU
		{CF546D7D-B905-4E2B-9176-2AEA61C6CE5C}.Release|x86.Build.0 = Release|Any CPU
		{D15DC948-6E9C-4AF0-A58A-5C8536745A7A}.Debug|Any CPU.ActiveCfg = Debug|Any CPU
		{D15DC948-6E9C-4AF0-A58A-5C8536745A7A}.Debug|Any CPU.Build.0 = Debug|Any CPU
		{D15DC948-6E9C-4AF0-A58A-5C8536745A7A}.Debug|x64.ActiveCfg = Debug|Any CPU
		{D15DC948-6E9C-4AF0-A58A-5C8536745A7A}.Debug|x64.Build.0 = Debug|Any CPU
		{D15DC948-6E9C-4AF0-A58A-5C8536745A7A}.Debug|x86.ActiveCfg = Debug|Any CPU
		{D15DC948-6E9C-4AF0-A58A-5C8536745A7A}.Debug|x86.Build.0 = Debug|Any CPU
		{D15DC948-6E9C-4AF0-A58A-5C8536745A7A}.Release|Any CPU.ActiveCfg = Release|Any CPU
		{D15DC948-6E9C-4AF0-A58A-5C8536745A7A}.Release|Any CPU.Build.0 = Release|Any CPU
		{D15DC948-6E9C-4AF0-A58A-5C8536745A7A}.Release|x64.ActiveCfg = Release|Any CPU
		{D15DC948-6E9C-4AF0-A58A-5C8536745A7A}.Release|x64.Build.0 = Release|Any CPU
		{D15DC948-6E9C-4AF0-A58A-5C8536745A7A}.Release|x86.ActiveCfg = Release|Any CPU
		{D15DC948-6E9C-4AF0-A58A-5C8536745A7A}.Release|x86.Build.0 = Release|Any CPU
		{28200962-2AF0-4523-A1B3-F4DDF49CCBF6}.Debug|Any CPU.ActiveCfg = Debug|Any CPU
		{28200962-2AF0-4523-A1B3-F4DDF49CCBF6}.Debug|Any CPU.Build.0 = Debug|Any CPU
		{28200962-2AF0-4523-A1B3-F4DDF49CCBF6}.Debug|x64.ActiveCfg = Debug|Any CPU
		{28200962-2AF0-4523-A1B3-F4DDF49CCBF6}.Debug|x64.Build.0 = Debug|Any CPU
		{28200962-2AF0-4523-A1B3-F4DDF49CCBF6}.Debug|x86.ActiveCfg = Debug|Any CPU
		{28200962-2AF0-4523-A1B3-F4DDF49CCBF6}.Debug|x86.Build.0 = Debug|Any CPU
		{28200962-2AF0-4523-A1B3-F4DDF49CCBF6}.Release|Any CPU.ActiveCfg = Release|Any CPU
		{28200962-2AF0-4523-A1B3-F4DDF49CCBF6}.Release|Any CPU.Build.0 = Release|Any CPU
		{28200962-2AF0-4523-A1B3-F4DDF49CCBF6}.Release|x64.ActiveCfg = Release|Any CPU
		{28200962-2AF0-4523-A1B3-F4DDF49CCBF6}.Release|x64.Build.0 = Release|Any CPU
		{28200962-2AF0-4523-A1B3-F4DDF49CCBF6}.Release|x86.ActiveCfg = Release|Any CPU
		{28200962-2AF0-4523-A1B3-F4DDF49CCBF6}.Release|x86.Build.0 = Release|Any CPU
		{86BD5E02-ADE0-4544-AC08-D603A644B4C5}.Debug|Any CPU.ActiveCfg = Debug|Any CPU
		{86BD5E02-ADE0-4544-AC08-D603A644B4C5}.Debug|Any CPU.Build.0 = Debug|Any CPU
		{86BD5E02-ADE0-4544-AC08-D603A644B4C5}.Debug|x64.ActiveCfg = Debug|Any CPU
		{86BD5E02-ADE0-4544-AC08-D603A644B4C5}.Debug|x64.Build.0 = Debug|Any CPU
		{86BD5E02-ADE0-4544-AC08-D603A644B4C5}.Debug|x86.ActiveCfg = Debug|Any CPU
		{86BD5E02-ADE0-4544-AC08-D603A644B4C5}.Debug|x86.Build.0 = Debug|Any CPU
		{86BD5E02-ADE0-4544-AC08-D603A644B4C5}.Release|Any CPU.ActiveCfg = Release|Any CPU
		{86BD5E02-ADE0-4544-AC08-D603A644B4C5}.Release|Any CPU.Build.0 = Release|Any CPU
		{86BD5E02-ADE0-4544-AC08-D603A644B4C5}.Release|x64.ActiveCfg = Release|Any CPU
		{86BD5E02-ADE0-4544-AC08-D603A644B4C5}.Release|x64.Build.0 = Release|Any CPU
		{86BD5E02-ADE0-4544-AC08-D603A644B4C5}.Release|x86.ActiveCfg = Release|Any CPU
		{86BD5E02-ADE0-4544-AC08-D603A644B4C5}.Release|x86.Build.0 = Release|Any CPU
		{0EE70518-7D5B-4B14-9533-EBE17A0E2492}.Debug|Any CPU.ActiveCfg = Debug|Any CPU
		{0EE70518-7D5B-4B14-9533-EBE17A0E2492}.Debug|Any CPU.Build.0 = Debug|Any CPU
		{0EE70518-7D5B-4B14-9533-EBE17A0E2492}.Debug|x64.ActiveCfg = Debug|Any CPU
		{0EE70518-7D5B-4B14-9533-EBE17A0E2492}.Debug|x64.Build.0 = Debug|Any CPU
		{0EE70518-7D5B-4B14-9533-EBE17A0E2492}.Debug|x86.ActiveCfg = Debug|Any CPU
		{0EE70518-7D5B-4B14-9533-EBE17A0E2492}.Debug|x86.Build.0 = Debug|Any CPU
		{0EE70518-7D5B-4B14-9533-EBE17A0E2492}.Release|Any CPU.ActiveCfg = Release|Any CPU
		{0EE70518-7D5B-4B14-9533-EBE17A0E2492}.Release|Any CPU.Build.0 = Release|Any CPU
		{0EE70518-7D5B-4B14-9533-EBE17A0E2492}.Release|x64.ActiveCfg = Release|Any CPU
		{0EE70518-7D5B-4B14-9533-EBE17A0E2492}.Release|x64.Build.0 = Release|Any CPU
		{0EE70518-7D5B-4B14-9533-EBE17A0E2492}.Release|x86.ActiveCfg = Release|Any CPU
		{0EE70518-7D5B-4B14-9533-EBE17A0E2492}.Release|x86.Build.0 = Release|Any CPU
	EndGlobalSection
	GlobalSection(SolutionProperties) = preSolution
		HideSolutionNode = FALSE
	EndGlobalSection
EndGlobal
